
Microsoft Visual Studio Solution File, Format Version 12.00
# Visual Studio 2013
VisualStudioVersion = 12.0.40629.0
MinimumVisualStudioVersion = 10.0.40219.1
Project("{FAE04EC0-301F-11D3-BF4B-00C04F79EFBC}") = "ED-IBE", "ED-IBE\ED-IBE.csproj", "{D720EB9A-C879-4E3B-AA19-B820E8192B7A}"
EndProject
Project("{2150E333-8FDC-42A3-9474-1A3956D46DE8}") = "Solution Items", "Solution Items", "{48173B0B-160E-4748-99F8-4079BAAE5754}"
	ProjectSection(SolutionItems) = preProject
		ToDo.txt = ToDo.txt
	EndProjectSection
EndProject
Project("{FAE04EC0-301F-11D3-BF4B-00C04F79EFBC}") = "EdClasses", "EdClasses\EdClasses.csproj", "{236A934B-5543-4751-BAA2-018DFA825271}"
EndProject
Project("{2150E333-8FDC-42A3-9474-1A3956D46DE8}") = "RNDatabase", "RNDatabase", "{B0F0F5F7-B516-4A06-AB76-A8374E644BF4}"
	ProjectSection(SolutionItems) = preProject
		RNDatabase\SQL-Model\Elite_DB.mwb = RNDatabase\SQL-Model\Elite_DB.mwb
	EndProjectSection
EndProject
Project("{2150E333-8FDC-42A3-9474-1A3956D46DE8}") = "script", "script", "{698016C8-55A8-4052-9AD7-F68661EC5E63}"
	ProjectSection(SolutionItems) = preProject
		RNDatabase\Database\script\create.cmd = RNDatabase\Database\script\create.cmd
		RNDatabase\Database\script\create_Elite_DB.sql = RNDatabase\Database\script\create_Elite_DB.sql
		RNDatabase\Database\script\start_server.cmd = RNDatabase\Database\script\start_server.cmd
	EndProjectSection
EndProject
Project("{2150E333-8FDC-42A3-9474-1A3956D46DE8}") = "ini-file", "ini-file", "{54CA2D38-6381-4ED5-9150-7F32D77E61A2}"
	ProjectSection(SolutionItems) = preProject
		RNDatabase\Database\Elite.ini = RNDatabase\Database\Elite.ini
	EndProjectSection
EndProject
Global
	GlobalSection(SolutionConfigurationPlatforms) = preSolution
		Debug ep|Any CPU = Debug ep|Any CPU
		Debug|Any CPU = Debug|Any CPU
		Release|Any CPU = Release|Any CPU
	EndGlobalSection
	GlobalSection(ProjectConfigurationPlatforms) = postSolution
		{D720EB9A-C879-4E3B-AA19-B820E8192B7A}.Debug ep|Any CPU.ActiveCfg = Debug ep|Any CPU
		{D720EB9A-C879-4E3B-AA19-B820E8192B7A}.Debug ep|Any CPU.Build.0 = Debug ep|Any CPU
		{D720EB9A-C879-4E3B-AA19-B820E8192B7A}.Debug|Any CPU.ActiveCfg = Debug|Any CPU
		{D720EB9A-C879-4E3B-AA19-B820E8192B7A}.Debug|Any CPU.Build.0 = Debug|Any CPU
		{D720EB9A-C879-4E3B-AA19-B820E8192B7A}.Release|Any CPU.ActiveCfg = Release|Any CPU
		{D720EB9A-C879-4E3B-AA19-B820E8192B7A}.Release|Any CPU.Build.0 = Release|Any CPU
		{236A934B-5543-4751-BAA2-018DFA825271}.Debug ep|Any CPU.ActiveCfg = Debug ep|Any CPU
		{236A934B-5543-4751-BAA2-018DFA825271}.Debug ep|Any CPU.Build.0 = Debug ep|Any CPU
		{236A934B-5543-4751-BAA2-018DFA825271}.Debug|Any CPU.ActiveCfg = Debug|Any CPU
		{236A934B-5543-4751-BAA2-018DFA825271}.Debug|Any CPU.Build.0 = Debug|Any CPU
		{236A934B-5543-4751-BAA2-018DFA825271}.Release|Any CPU.ActiveCfg = Release|Any CPU
		{236A934B-5543-4751-BAA2-018DFA825271}.Release|Any CPU.Build.0 = Release|Any CPU
	EndGlobalSection
	GlobalSection(SolutionProperties) = preSolution
		HideSolutionNode = FALSE
	EndGlobalSection
	GlobalSection(NestedProjects) = preSolution
		{B0F0F5F7-B516-4A06-AB76-A8374E644BF4} = {48173B0B-160E-4748-99F8-4079BAAE5754}
		{698016C8-55A8-4052-9AD7-F68661EC5E63} = {B0F0F5F7-B516-4A06-AB76-A8374E644BF4}
		{54CA2D38-6381-4ED5-9150-7F32D77E61A2} = {B0F0F5F7-B516-4A06-AB76-A8374E644BF4}
	EndGlobalSection
EndGlobal
